// !$*UTF8*$!
{
	archiveVersion = 1;
	classes = {
	};
	objectVersion = 51;
	objects = {

/* Begin PBXBuildFile section */
		6346DC6625B50F4200996CA6 /* Localizable.strings in Resources */ = {isa = PBXBuildFile; fileRef = 6346DC6825B50F4200996CA6 /* Localizable.strings */; };
		6346DC7325B510B700996CA6 /* MealDetailPresenter.swift in Sources */ = {isa = PBXBuildFile; fileRef = 6346DC6C25B510B700996CA6 /* MealDetailPresenter.swift */; };
		6346DC7525B510B700996CA6 /* MealDetailRouter.swift in Sources */ = {isa = PBXBuildFile; fileRef = 6346DC6E25B510B700996CA6 /* MealDetailRouter.swift */; };
		6346DC7625B510B700996CA6 /* MealDetailProtocols.swift in Sources */ = {isa = PBXBuildFile; fileRef = 6346DC6F25B510B700996CA6 /* MealDetailProtocols.swift */; };
		6346DC7725B510B700996CA6 /* MealDetailInteractor.swift in Sources */ = {isa = PBXBuildFile; fileRef = 6346DC7025B510B700996CA6 /* MealDetailInteractor.swift */; };
		6346DC7825B510B700996CA6 /* MealDetailView.swift in Sources */ = {isa = PBXBuildFile; fileRef = 6346DC7125B510B700996CA6 /* MealDetailView.swift */; };
		6346DC7B25B5153D00996CA6 /* UIApplication+Ext.swift in Sources */ = {isa = PBXBuildFile; fileRef = 6346DC7A25B5153D00996CA6 /* UIApplication+Ext.swift */; };
		6352A9D025B4FDD200C59958 /* AppDelegate.swift in Sources */ = {isa = PBXBuildFile; fileRef = 6352A9CF25B4FDD200C59958 /* AppDelegate.swift */; };
		6352A9D225B4FDD200C59958 /* SceneDelegate.swift in Sources */ = {isa = PBXBuildFile; fileRef = 6352A9D125B4FDD200C59958 /* SceneDelegate.swift */; };
		6352A9D725B4FDD200C59958 /* Main.storyboard in Resources */ = {isa = PBXBuildFile; fileRef = 6352A9D525B4FDD200C59958 /* Main.storyboard */; };
		6352A9D925B4FDD600C59958 /* Assets.xcassets in Resources */ = {isa = PBXBuildFile; fileRef = 6352A9D825B4FDD600C59958 /* Assets.xcassets */; };
		6352A9DC25B4FDD600C59958 /* LaunchScreen.storyboard in Resources */ = {isa = PBXBuildFile; fileRef = 6352A9DA25B4FDD600C59958 /* LaunchScreen.storyboard */; };
		6352A9E725B4FDD600C59958 /* UlalaCodeChallengeTests.swift in Sources */ = {isa = PBXBuildFile; fileRef = 6352A9E625B4FDD600C59958 /* UlalaCodeChallengeTests.swift */; };
		6352A9F225B4FDD600C59958 /* UlalaCodeChallengeUITests.swift in Sources */ = {isa = PBXBuildFile; fileRef = 6352A9F125B4FDD600C59958 /* UlalaCodeChallengeUITests.swift */; };
		6352AA0725B4FE2200C59958 /* FeedMealsPresenter.swift in Sources */ = {isa = PBXBuildFile; fileRef = 6352AA0025B4FE2200C59958 /* FeedMealsPresenter.swift */; };
		6352AA0925B4FE2200C59958 /* FeedMealsRouter.swift in Sources */ = {isa = PBXBuildFile; fileRef = 6352AA0225B4FE2200C59958 /* FeedMealsRouter.swift */; };
		6352AA0A25B4FE2200C59958 /* FeedReceipesProtocols.swift in Sources */ = {isa = PBXBuildFile; fileRef = 6352AA0325B4FE2200C59958 /* FeedReceipesProtocols.swift */; };
		6352AA0B25B4FE2200C59958 /* FeedMealsInteractor.swift in Sources */ = {isa = PBXBuildFile; fileRef = 6352AA0425B4FE2200C59958 /* FeedMealsInteractor.swift */; };
		6352AA0C25B4FE2200C59958 /* FeedMealsView.swift in Sources */ = {isa = PBXBuildFile; fileRef = 6352AA0525B4FE2200C59958 /* FeedMealsView.swift */; };
		6352AA1125B4FE9E00C59958 /* NetworkManager.swift in Sources */ = {isa = PBXBuildFile; fileRef = 6352AA1025B4FE9E00C59958 /* NetworkManager.swift */; };
		6352AA1325B5001E00C59958 /* Meals.swift in Sources */ = {isa = PBXBuildFile; fileRef = 6352AA1225B5001E00C59958 /* Meals.swift */; };
		6352AA1825B5039300C59958 /* FeedMealTableViewCell.swift in Sources */ = {isa = PBXBuildFile; fileRef = 6352AA1625B5039300C59958 /* FeedMealTableViewCell.swift */; };
		6352AA1925B5039300C59958 /* FeedMealTableViewCell.xib in Resources */ = {isa = PBXBuildFile; fileRef = 6352AA1725B5039300C59958 /* FeedMealTableViewCell.xib */; };
		6352AA1C25B503AF00C59958 /* Genrics+CellReuse.swift in Sources */ = {isa = PBXBuildFile; fileRef = 6352AA1B25B503AF00C59958 /* Genrics+CellReuse.swift */; };
		6352AA1E25B5041700C59958 /* String+Ext.swift in Sources */ = {isa = PBXBuildFile; fileRef = 6352AA1D25B5041700C59958 /* String+Ext.swift */; };
		6352AA2025B50A8100C59958 /* BaseTableViewCell.swift in Sources */ = {isa = PBXBuildFile; fileRef = 6352AA1F25B50A8100C59958 /* BaseTableViewCell.swift */; };
		703F1E7A562244CB99F0E8DE /* Pods_UlalaCodeChallengeTests.framework in Frameworks */ = {isa = PBXBuildFile; fileRef = CAA4A8232B8CDD1F62982B4C /* Pods_UlalaCodeChallengeTests.framework */; };
		AEF4C8E5BE83944EA7AF2740 /* Pods_UlalaCodeChallenge.framework in Frameworks */ = {isa = PBXBuildFile; fileRef = 5F4A7B3F6660E179F097166A /* Pods_UlalaCodeChallenge.framework */; };
		C4E54F11DE064A6233F117A6 /* Pods_UlalaCodeChallenge_UlalaCodeChallengeUITests.framework in Frameworks */ = {isa = PBXBuildFile; fileRef = FBB12700238C426AE4FE3E9E /* Pods_UlalaCodeChallenge_UlalaCodeChallengeUITests.framework */; };
/* End PBXBuildFile section */

/* Begin PBXContainerItemProxy section */
		6352A9E325B4FDD600C59958 /* PBXContainerItemProxy */ = {
			isa = PBXContainerItemProxy;
			containerPortal = 6352A9C425B4FDD200C59958 /* Project object */;
			proxyType = 1;
			remoteGlobalIDString = 6352A9CB25B4FDD200C59958;
			remoteInfo = UlalaCodeChallenge;
		};
		6352A9EE25B4FDD600C59958 /* PBXContainerItemProxy */ = {
			isa = PBXContainerItemProxy;
			containerPortal = 6352A9C425B4FDD200C59958 /* Project object */;
			proxyType = 1;
			remoteGlobalIDString = 6352A9CB25B4FDD200C59958;
			remoteInfo = UlalaCodeChallenge;
		};
/* End PBXContainerItemProxy section */

/* Begin PBXFileReference section */
		10BE8D657675372FA493200D /* Pods-UlalaCodeChallenge-UlalaCodeChallengeUITests.debug.xcconfig */ = {isa = PBXFileReference; includeInIndex = 1; lastKnownFileType = text.xcconfig; name = "Pods-UlalaCodeChallenge-UlalaCodeChallengeUITests.debug.xcconfig"; path = "Target Support Files/Pods-UlalaCodeChallenge-UlalaCodeChallengeUITests/Pods-UlalaCodeChallenge-UlalaCodeChallengeUITests.debug.xcconfig"; sourceTree = "<group>"; };
		5F4A7B3F6660E179F097166A /* Pods_UlalaCodeChallenge.framework */ = {isa = PBXFileReference; explicitFileType = wrapper.framework; includeInIndex = 0; path = Pods_UlalaCodeChallenge.framework; sourceTree = BUILT_PRODUCTS_DIR; };
		6346DC6725B50F4200996CA6 /* en */ = {isa = PBXFileReference; lastKnownFileType = text.plist.strings; name = en; path = en.lproj/Localizable.strings; sourceTree = "<group>"; };
		6346DC6925B50F4800996CA6 /* es-419 */ = {isa = PBXFileReference; lastKnownFileType = text.plist.strings; name = "es-419"; path = "es-419.lproj/Localizable.strings"; sourceTree = "<group>"; };
		6346DC6C25B510B700996CA6 /* MealDetailPresenter.swift */ = {isa = PBXFileReference; lastKnownFileType = sourcecode.swift; path = MealDetailPresenter.swift; sourceTree = "<group>"; };
		6346DC6E25B510B700996CA6 /* MealDetailRouter.swift */ = {isa = PBXFileReference; lastKnownFileType = sourcecode.swift; path = MealDetailRouter.swift; sourceTree = "<group>"; };
		6346DC6F25B510B700996CA6 /* MealDetailProtocols.swift */ = {isa = PBXFileReference; lastKnownFileType = sourcecode.swift; path = MealDetailProtocols.swift; sourceTree = "<group>"; };
		6346DC7025B510B700996CA6 /* MealDetailInteractor.swift */ = {isa = PBXFileReference; lastKnownFileType = sourcecode.swift; path = MealDetailInteractor.swift; sourceTree = "<group>"; };
		6346DC7125B510B700996CA6 /* MealDetailView.swift */ = {isa = PBXFileReference; lastKnownFileType = sourcecode.swift; path = MealDetailView.swift; sourceTree = "<group>"; };
		6346DC7A25B5153D00996CA6 /* UIApplication+Ext.swift */ = {isa = PBXFileReference; lastKnownFileType = sourcecode.swift; path = "UIApplication+Ext.swift"; sourceTree = "<group>"; };
		6352A9CC25B4FDD200C59958 /* UlalaCodeChallenge.app */ = {isa = PBXFileReference; explicitFileType = wrapper.application; includeInIndex = 0; path = UlalaCodeChallenge.app; sourceTree = BUILT_PRODUCTS_DIR; };
		6352A9CF25B4FDD200C59958 /* AppDelegate.swift */ = {isa = PBXFileReference; lastKnownFileType = sourcecode.swift; path = AppDelegate.swift; sourceTree = "<group>"; };
		6352A9D125B4FDD200C59958 /* SceneDelegate.swift */ = {isa = PBXFileReference; lastKnownFileType = sourcecode.swift; path = SceneDelegate.swift; sourceTree = "<group>"; };
		6352A9D625B4FDD200C59958 /* Base */ = {isa = PBXFileReference; lastKnownFileType = file.storyboard; name = Base; path = Base.lproj/Main.storyboard; sourceTree = "<group>"; };
		6352A9D825B4FDD600C59958 /* Assets.xcassets */ = {isa = PBXFileReference; lastKnownFileType = folder.assetcatalog; path = Assets.xcassets; sourceTree = "<group>"; };
		6352A9DB25B4FDD600C59958 /* Base */ = {isa = PBXFileReference; lastKnownFileType = file.storyboard; name = Base; path = Base.lproj/LaunchScreen.storyboard; sourceTree = "<group>"; };
		6352A9DD25B4FDD600C59958 /* Info.plist */ = {isa = PBXFileReference; lastKnownFileType = text.plist.xml; path = Info.plist; sourceTree = "<group>"; };
		6352A9E225B4FDD600C59958 /* UlalaCodeChallengeTests.xctest */ = {isa = PBXFileReference; explicitFileType = wrapper.cfbundle; includeInIndex = 0; path = UlalaCodeChallengeTests.xctest; sourceTree = BUILT_PRODUCTS_DIR; };
		6352A9E625B4FDD600C59958 /* UlalaCodeChallengeTests.swift */ = {isa = PBXFileReference; lastKnownFileType = sourcecode.swift; path = UlalaCodeChallengeTests.swift; sourceTree = "<group>"; };
		6352A9E825B4FDD600C59958 /* Info.plist */ = {isa = PBXFileReference; lastKnownFileType = text.plist.xml; path = Info.plist; sourceTree = "<group>"; };
		6352A9ED25B4FDD600C59958 /* UlalaCodeChallengeUITests.xctest */ = {isa = PBXFileReference; explicitFileType = wrapper.cfbundle; includeInIndex = 0; path = UlalaCodeChallengeUITests.xctest; sourceTree = BUILT_PRODUCTS_DIR; };
		6352A9F125B4FDD600C59958 /* UlalaCodeChallengeUITests.swift */ = {isa = PBXFileReference; lastKnownFileType = sourcecode.swift; path = UlalaCodeChallengeUITests.swift; sourceTree = "<group>"; };
		6352A9F325B4FDD600C59958 /* Info.plist */ = {isa = PBXFileReference; lastKnownFileType = text.plist.xml; path = Info.plist; sourceTree = "<group>"; };
		6352AA0025B4FE2200C59958 /* FeedMealsPresenter.swift */ = {isa = PBXFileReference; lastKnownFileType = sourcecode.swift; path = FeedMealsPresenter.swift; sourceTree = "<group>"; };
		6352AA0225B4FE2200C59958 /* FeedMealsRouter.swift */ = {isa = PBXFileReference; lastKnownFileType = sourcecode.swift; path = FeedMealsRouter.swift; sourceTree = "<group>"; };
		6352AA0325B4FE2200C59958 /* FeedReceipesProtocols.swift */ = {isa = PBXFileReference; lastKnownFileType = sourcecode.swift; path = FeedReceipesProtocols.swift; sourceTree = "<group>"; };
		6352AA0425B4FE2200C59958 /* FeedMealsInteractor.swift */ = {isa = PBXFileReference; lastKnownFileType = sourcecode.swift; path = FeedMealsInteractor.swift; sourceTree = "<group>"; };
		6352AA0525B4FE2200C59958 /* FeedMealsView.swift */ = {isa = PBXFileReference; lastKnownFileType = sourcecode.swift; path = FeedMealsView.swift; sourceTree = "<group>"; };
		6352AA1025B4FE9E00C59958 /* NetworkManager.swift */ = {isa = PBXFileReference; lastKnownFileType = sourcecode.swift; path = NetworkManager.swift; sourceTree = "<group>"; };
		6352AA1225B5001E00C59958 /* Meals.swift */ = {isa = PBXFileReference; lastKnownFileType = sourcecode.swift; path = Meals.swift; sourceTree = "<group>"; };
		6352AA1625B5039300C59958 /* FeedMealTableViewCell.swift */ = {isa = PBXFileReference; lastKnownFileType = sourcecode.swift; path = FeedMealTableViewCell.swift; sourceTree = "<group>"; };
		6352AA1725B5039300C59958 /* FeedMealTableViewCell.xib */ = {isa = PBXFileReference; lastKnownFileType = file.xib; path = FeedMealTableViewCell.xib; sourceTree = "<group>"; };
		6352AA1B25B503AF00C59958 /* Genrics+CellReuse.swift */ = {isa = PBXFileReference; lastKnownFileType = sourcecode.swift; path = "Genrics+CellReuse.swift"; sourceTree = "<group>"; };
		6352AA1D25B5041700C59958 /* String+Ext.swift */ = {isa = PBXFileReference; lastKnownFileType = sourcecode.swift; path = "String+Ext.swift"; sourceTree = "<group>"; };
		6352AA1F25B50A8100C59958 /* BaseTableViewCell.swift */ = {isa = PBXFileReference; lastKnownFileType = sourcecode.swift; path = BaseTableViewCell.swift; sourceTree = "<group>"; };
		6352AA2125B50E6300C59958 /* es-419 */ = {isa = PBXFileReference; lastKnownFileType = text.plist.strings; name = "es-419"; path = "es-419.lproj/Main.strings"; sourceTree = "<group>"; };
		6352AA2225B50E6300C59958 /* es-419 */ = {isa = PBXFileReference; lastKnownFileType = text.plist.strings; name = "es-419"; path = "es-419.lproj/LaunchScreen.strings"; sourceTree = "<group>"; };
		76D5692BF06A7527966A08B0 /* Pods-UlalaCodeChallenge-UlalaCodeChallengeUITests.release.xcconfig */ = {isa = PBXFileReference; includeInIndex = 1; lastKnownFileType = text.xcconfig; name = "Pods-UlalaCodeChallenge-UlalaCodeChallengeUITests.release.xcconfig"; path = "Target Support Files/Pods-UlalaCodeChallenge-UlalaCodeChallengeUITests/Pods-UlalaCodeChallenge-UlalaCodeChallengeUITests.release.xcconfig"; sourceTree = "<group>"; };
		A37CB84D75B26122E12765AE /* Pods-UlalaCodeChallengeTests.debug.xcconfig */ = {isa = PBXFileReference; includeInIndex = 1; lastKnownFileType = text.xcconfig; name = "Pods-UlalaCodeChallengeTests.debug.xcconfig"; path = "Target Support Files/Pods-UlalaCodeChallengeTests/Pods-UlalaCodeChallengeTests.debug.xcconfig"; sourceTree = "<group>"; };
		A4535A9779FE34032A892EA1 /* Pods-UlalaCodeChallengeTests.release.xcconfig */ = {isa = PBXFileReference; includeInIndex = 1; lastKnownFileType = text.xcconfig; name = "Pods-UlalaCodeChallengeTests.release.xcconfig"; path = "Target Support Files/Pods-UlalaCodeChallengeTests/Pods-UlalaCodeChallengeTests.release.xcconfig"; sourceTree = "<group>"; };
		BC8963A25A3C8F28F231406E /* Pods-UlalaCodeChallenge.release.xcconfig */ = {isa = PBXFileReference; includeInIndex = 1; lastKnownFileType = text.xcconfig; name = "Pods-UlalaCodeChallenge.release.xcconfig"; path = "Target Support Files/Pods-UlalaCodeChallenge/Pods-UlalaCodeChallenge.release.xcconfig"; sourceTree = "<group>"; };
		CAA4A8232B8CDD1F62982B4C /* Pods_UlalaCodeChallengeTests.framework */ = {isa = PBXFileReference; explicitFileType = wrapper.framework; includeInIndex = 0; path = Pods_UlalaCodeChallengeTests.framework; sourceTree = BUILT_PRODUCTS_DIR; };
		DD294E9AC9B8D9963A577313 /* Pods-UlalaCodeChallenge.debug.xcconfig */ = {isa = PBXFileReference; includeInIndex = 1; lastKnownFileType = text.xcconfig; name = "Pods-UlalaCodeChallenge.debug.xcconfig"; path = "Target Support Files/Pods-UlalaCodeChallenge/Pods-UlalaCodeChallenge.debug.xcconfig"; sourceTree = "<group>"; };
		FBB12700238C426AE4FE3E9E /* Pods_UlalaCodeChallenge_UlalaCodeChallengeUITests.framework */ = {isa = PBXFileReference; explicitFileType = wrapper.framework; includeInIndex = 0; path = Pods_UlalaCodeChallenge_UlalaCodeChallengeUITests.framework; sourceTree = BUILT_PRODUCTS_DIR; };
/* End PBXFileReference section */

/* Begin PBXFrameworksBuildPhase section */
		6352A9C925B4FDD200C59958 /* Frameworks */ = {
			isa = PBXFrameworksBuildPhase;
			buildActionMask = 2147483647;
			files = (
				AEF4C8E5BE83944EA7AF2740 /* Pods_UlalaCodeChallenge.framework in Frameworks */,
			);
			runOnlyForDeploymentPostprocessing = 0;
		};
		6352A9DF25B4FDD600C59958 /* Frameworks */ = {
			isa = PBXFrameworksBuildPhase;
			buildActionMask = 2147483647;
			files = (
				703F1E7A562244CB99F0E8DE /* Pods_UlalaCodeChallengeTests.framework in Frameworks */,
			);
			runOnlyForDeploymentPostprocessing = 0;
		};
		6352A9EA25B4FDD600C59958 /* Frameworks */ = {
			isa = PBXFrameworksBuildPhase;
			buildActionMask = 2147483647;
			files = (
				C4E54F11DE064A6233F117A6 /* Pods_UlalaCodeChallenge_UlalaCodeChallengeUITests.framework in Frameworks */,
			);
			runOnlyForDeploymentPostprocessing = 0;
		};
/* End PBXFrameworksBuildPhase section */

/* Begin PBXGroup section */
		126A876EBFA490DE765EDE52 /* Pods */ = {
			isa = PBXGroup;
			children = (
				DD294E9AC9B8D9963A577313 /* Pods-UlalaCodeChallenge.debug.xcconfig */,
				BC8963A25A3C8F28F231406E /* Pods-UlalaCodeChallenge.release.xcconfig */,
				10BE8D657675372FA493200D /* Pods-UlalaCodeChallenge-UlalaCodeChallengeUITests.debug.xcconfig */,
				76D5692BF06A7527966A08B0 /* Pods-UlalaCodeChallenge-UlalaCodeChallengeUITests.release.xcconfig */,
				A37CB84D75B26122E12765AE /* Pods-UlalaCodeChallengeTests.debug.xcconfig */,
				A4535A9779FE34032A892EA1 /* Pods-UlalaCodeChallengeTests.release.xcconfig */,
			);
			path = Pods;
			sourceTree = "<group>";
		};
		31E6207A9ED717E3158EA869 /* Frameworks */ = {
			isa = PBXGroup;
			children = (
				5F4A7B3F6660E179F097166A /* Pods_UlalaCodeChallenge.framework */,
				FBB12700238C426AE4FE3E9E /* Pods_UlalaCodeChallenge_UlalaCodeChallengeUITests.framework */,
				CAA4A8232B8CDD1F62982B4C /* Pods_UlalaCodeChallengeTests.framework */,
			);
			name = Frameworks;
			sourceTree = "<group>";
		};
		6346DC6325B50EF800996CA6 /* Resources */ = {
			isa = PBXGroup;
			children = (
				6352A9D125B4FDD200C59958 /* SceneDelegate.swift */,
				6352A9CF25B4FDD200C59958 /* AppDelegate.swift */,
				6352A9DA25B4FDD600C59958 /* LaunchScreen.storyboard */,
				6352A9D825B4FDD600C59958 /* Assets.xcassets */,
				6346DC6825B50F4200996CA6 /* Localizable.strings */,
			);
			path = Resources;
			sourceTree = "<group>";
		};
		6346DC6A25B50FEC00996CA6 /* Meals  */ = {
			isa = PBXGroup;
			children = (
				6352AA0E25B4FE2700C59958 /* Models */,
				6352A9FF25B4FDEF00C59958 /* FeedRecipes */,
				6346DC6B25B510A200996CA6 /* Detail */,
				6352A9D525B4FDD200C59958 /* Main.storyboard */,
			);
			path = "Meals ";
			sourceTree = "<group>";
		};
		6346DC6B25B510A200996CA6 /* Detail */ = {
			isa = PBXGroup;
			children = (
				6346DC6C25B510B700996CA6 /* MealDetailPresenter.swift */,
				6346DC6E25B510B700996CA6 /* MealDetailRouter.swift */,
				6346DC6F25B510B700996CA6 /* MealDetailProtocols.swift */,
				6346DC7025B510B700996CA6 /* MealDetailInteractor.swift */,
				6346DC7125B510B700996CA6 /* MealDetailView.swift */,
			);
			path = Detail;
			sourceTree = "<group>";
		};
		6352A9C325B4FDD200C59958 = {
			isa = PBXGroup;
			children = (
				6352A9CE25B4FDD200C59958 /* UlalaCodeChallenge */,
				6352A9E525B4FDD600C59958 /* UlalaCodeChallengeTests */,
				6352A9F025B4FDD600C59958 /* UlalaCodeChallengeUITests */,
				6352A9CD25B4FDD200C59958 /* Products */,
				126A876EBFA490DE765EDE52 /* Pods */,
				31E6207A9ED717E3158EA869 /* Frameworks */,
			);
			sourceTree = "<group>";
		};
		6352A9CD25B4FDD200C59958 /* Products */ = {
			isa = PBXGroup;
			children = (
				6352A9CC25B4FDD200C59958 /* UlalaCodeChallenge.app */,
				6352A9E225B4FDD600C59958 /* UlalaCodeChallengeTests.xctest */,
				6352A9ED25B4FDD600C59958 /* UlalaCodeChallengeUITests.xctest */,
			);
			name = Products;
			sourceTree = "<group>";
		};
		6352A9CE25B4FDD200C59958 /* UlalaCodeChallenge */ = {
			isa = PBXGroup;
			children = (
				6346DC6A25B50FEC00996CA6 /* Meals  */,
				6346DC6325B50EF800996CA6 /* Resources */,
				6352AA1A25B5039900C59958 /* Extensions + Extras */,
				6352AA0F25B4FE3200C59958 /* Network */,
				6352A9DD25B4FDD600C59958 /* Info.plist */,
			);
			path = UlalaCodeChallenge;
			sourceTree = "<group>";
		};
		6352A9E525B4FDD600C59958 /* UlalaCodeChallengeTests */ = {
			isa = PBXGroup;
			children = (
				6352A9E625B4FDD600C59958 /* UlalaCodeChallengeTests.swift */,
				6352A9E825B4FDD600C59958 /* Info.plist */,
			);
			path = UlalaCodeChallengeTests;
			sourceTree = "<group>";
		};
		6352A9F025B4FDD600C59958 /* UlalaCodeChallengeUITests */ = {
			isa = PBXGroup;
			children = (
				6352A9F125B4FDD600C59958 /* UlalaCodeChallengeUITests.swift */,
				6352A9F325B4FDD600C59958 /* Info.plist */,
			);
			path = UlalaCodeChallengeUITests;
			sourceTree = "<group>";
		};
		6352A9FF25B4FDEF00C59958 /* FeedRecipes */ = {
			isa = PBXGroup;
			children = (
				6352AA1525B5037800C59958 /* Cells */,
				6352AA0025B4FE2200C59958 /* FeedMealsPresenter.swift */,
				6352AA0225B4FE2200C59958 /* FeedMealsRouter.swift */,
				6352AA0325B4FE2200C59958 /* FeedReceipesProtocols.swift */,
				6352AA0425B4FE2200C59958 /* FeedMealsInteractor.swift */,
				6352AA0525B4FE2200C59958 /* FeedMealsView.swift */,
			);
			path = FeedRecipes;
			sourceTree = "<group>";
		};
		6352AA0E25B4FE2700C59958 /* Models */ = {
			isa = PBXGroup;
			children = (
				6352AA1225B5001E00C59958 /* Meals.swift */,
			);
			path = Models;
			sourceTree = "<group>";
		};
		6352AA0F25B4FE3200C59958 /* Network */ = {
			isa = PBXGroup;
			children = (
				6352AA1025B4FE9E00C59958 /* NetworkManager.swift */,
			);
			path = Network;
			sourceTree = "<group>";
		};
		6352AA1525B5037800C59958 /* Cells */ = {
			isa = PBXGroup;
			children = (
				6352AA1625B5039300C59958 /* FeedMealTableViewCell.swift */,
				6352AA1725B5039300C59958 /* FeedMealTableViewCell.xib */,
			);
			path = Cells;
			sourceTree = "<group>";
		};
		6352AA1A25B5039900C59958 /* Extensions + Extras */ = {
			isa = PBXGroup;
			children = (
				6352AA1F25B50A8100C59958 /* BaseTableViewCell.swift */,
				6352AA1B25B503AF00C59958 /* Genrics+CellReuse.swift */,
				6352AA1D25B5041700C59958 /* String+Ext.swift */,
				6346DC7A25B5153D00996CA6 /* UIApplication+Ext.swift */,
			);
			path = "Extensions + Extras";
			sourceTree = "<group>";
		};
/* End PBXGroup section */

/* Begin PBXNativeTarget section */
		6352A9CB25B4FDD200C59958 /* UlalaCodeChallenge */ = {
			isa = PBXNativeTarget;
			buildConfigurationList = 6352A9F625B4FDD600C59958 /* Build configuration list for PBXNativeTarget "UlalaCodeChallenge" */;
			buildPhases = (
				A768BFBD227FB6274B676ACB /* [CP] Check Pods Manifest.lock */,
				6352A9C825B4FDD200C59958 /* Sources */,
				6352A9C925B4FDD200C59958 /* Frameworks */,
				6352A9CA25B4FDD200C59958 /* Resources */,
				8174D3E7EAD3E1A0AA34EC3E /* [CP] Embed Pods Frameworks */,
			);
			buildRules = (
			);
			dependencies = (
			);
			name = UlalaCodeChallenge;
			productName = UlalaCodeChallenge;
			productReference = 6352A9CC25B4FDD200C59958 /* UlalaCodeChallenge.app */;
			productType = "com.apple.product-type.application";
		};
		6352A9E125B4FDD600C59958 /* UlalaCodeChallengeTests */ = {
			isa = PBXNativeTarget;
			buildConfigurationList = 6352A9F925B4FDD600C59958 /* Build configuration list for PBXNativeTarget "UlalaCodeChallengeTests" */;
			buildPhases = (
				34585AB1C0B09B4A1906765C /* [CP] Check Pods Manifest.lock */,
				6352A9DE25B4FDD600C59958 /* Sources */,
				6352A9DF25B4FDD600C59958 /* Frameworks */,
				6352A9E025B4FDD600C59958 /* Resources */,
			);
			buildRules = (
			);
			dependencies = (
				6352A9E425B4FDD600C59958 /* PBXTargetDependency */,
			);
			name = UlalaCodeChallengeTests;
			productName = UlalaCodeChallengeTests;
			productReference = 6352A9E225B4FDD600C59958 /* UlalaCodeChallengeTests.xctest */;
			productType = "com.apple.product-type.bundle.unit-test";
		};
		6352A9EC25B4FDD600C59958 /* UlalaCodeChallengeUITests */ = {
			isa = PBXNativeTarget;
			buildConfigurationList = 6352A9FC25B4FDD600C59958 /* Build configuration list for PBXNativeTarget "UlalaCodeChallengeUITests" */;
			buildPhases = (
				F8DD8BD6A6991519C3D961ED /* [CP] Check Pods Manifest.lock */,
				6352A9E925B4FDD600C59958 /* Sources */,
				6352A9EA25B4FDD600C59958 /* Frameworks */,
				6352A9EB25B4FDD600C59958 /* Resources */,
				EE777140A4157A5DD85C3AF0 /* [CP] Embed Pods Frameworks */,
			);
			buildRules = (
			);
			dependencies = (
				6352A9EF25B4FDD600C59958 /* PBXTargetDependency */,
			);
			name = UlalaCodeChallengeUITests;
			productName = UlalaCodeChallengeUITests;
			productReference = 6352A9ED25B4FDD600C59958 /* UlalaCodeChallengeUITests.xctest */;
			productType = "com.apple.product-type.bundle.ui-testing";
		};
/* End PBXNativeTarget section */

/* Begin PBXProject section */
		6352A9C425B4FDD200C59958 /* Project object */ = {
			isa = PBXProject;
			attributes = {
				LastSwiftUpdateCheck = 1170;
				LastUpgradeCheck = 1170;
				ORGANIZATIONNAME = MikeJasso;
				TargetAttributes = {
					6352A9CB25B4FDD200C59958 = {
						CreatedOnToolsVersion = 11.7;
					};
					6352A9E125B4FDD600C59958 = {
						CreatedOnToolsVersion = 11.7;
						TestTargetID = 6352A9CB25B4FDD200C59958;
					};
					6352A9EC25B4FDD600C59958 = {
						CreatedOnToolsVersion = 11.7;
						TestTargetID = 6352A9CB25B4FDD200C59958;
					};
				};
			};
			buildConfigurationList = 6352A9C725B4FDD200C59958 /* Build configuration list for PBXProject "UlalaCodeChallenge" */;
			compatibilityVersion = "Xcode 9.3";
			developmentRegion = en;
			hasScannedForEncodings = 0;
			knownRegions = (
				en,
				Base,
				"es-419",
			);
			mainGroup = 6352A9C325B4FDD200C59958;
			productRefGroup = 6352A9CD25B4FDD200C59958 /* Products */;
			projectDirPath = "";
			projectRoot = "";
			targets = (
				6352A9CB25B4FDD200C59958 /* UlalaCodeChallenge */,
				6352A9E125B4FDD600C59958 /* UlalaCodeChallengeTests */,
				6352A9EC25B4FDD600C59958 /* UlalaCodeChallengeUITests */,
			);
		};
/* End PBXProject section */

/* Begin PBXResourcesBuildPhase section */
		6352A9CA25B4FDD200C59958 /* Resources */ = {
			isa = PBXResourcesBuildPhase;
			buildActionMask = 2147483647;
			files = (
				6346DC6625B50F4200996CA6 /* Localizable.strings in Resources */,
				6352AA1925B5039300C59958 /* FeedMealTableViewCell.xib in Resources */,
				6352A9DC25B4FDD600C59958 /* LaunchScreen.storyboard in Resources */,
				6352A9D925B4FDD600C59958 /* Assets.xcassets in Resources */,
				6352A9D725B4FDD200C59958 /* Main.storyboard in Resources */,
			);
			runOnlyForDeploymentPostprocessing = 0;
		};
		6352A9E025B4FDD600C59958 /* Resources */ = {
			isa = PBXResourcesBuildPhase;
			buildActionMask = 2147483647;
			files = (
			);
			runOnlyForDeploymentPostprocessing = 0;
		};
		6352A9EB25B4FDD600C59958 /* Resources */ = {
			isa = PBXResourcesBuildPhase;
			buildActionMask = 2147483647;
			files = (
			);
			runOnlyForDeploymentPostprocessing = 0;
		};
/* End PBXResourcesBuildPhase section */

/* Begin PBXShellScriptBuildPhase section */
		34585AB1C0B09B4A1906765C /* [CP] Check Pods Manifest.lock */ = {
			isa = PBXShellScriptBuildPhase;
			buildActionMask = 2147483647;
			files = (
			);
			inputFileListPaths = (
			);
			inputPaths = (
				"${PODS_PODFILE_DIR_PATH}/Podfile.lock",
				"${PODS_ROOT}/Manifest.lock",
			);
			name = "[CP] Check Pods Manifest.lock";
			outputFileListPaths = (
			);
			outputPaths = (
				"$(DERIVED_FILE_DIR)/Pods-UlalaCodeChallengeTests-checkManifestLockResult.txt",
			);
			runOnlyForDeploymentPostprocessing = 0;
			shellPath = /bin/sh;
			shellScript = "diff \"${PODS_PODFILE_DIR_PATH}/Podfile.lock\" \"${PODS_ROOT}/Manifest.lock\" > /dev/null\nif [ $? != 0 ] ; then\n    # print error to STDERR\n    echo \"error: The sandbox is not in sync with the Podfile.lock. Run 'pod install' or update your CocoaPods installation.\" >&2\n    exit 1\nfi\n# This output is used by Xcode 'outputs' to avoid re-running this script phase.\necho \"SUCCESS\" > \"${SCRIPT_OUTPUT_FILE_0}\"\n";
			showEnvVarsInLog = 0;
		};
		8174D3E7EAD3E1A0AA34EC3E /* [CP] Embed Pods Frameworks */ = {
			isa = PBXShellScriptBuildPhase;
			buildActionMask = 2147483647;
			files = (
			);
			inputFileListPaths = (
				"${PODS_ROOT}/Target Support Files/Pods-UlalaCodeChallenge/Pods-UlalaCodeChallenge-frameworks-${CONFIGURATION}-input-files.xcfilelist",
			);
			name = "[CP] Embed Pods Frameworks";
			outputFileListPaths = (
				"${PODS_ROOT}/Target Support Files/Pods-UlalaCodeChallenge/Pods-UlalaCodeChallenge-frameworks-${CONFIGURATION}-output-files.xcfilelist",
			);
			runOnlyForDeploymentPostprocessing = 0;
			shellPath = /bin/sh;
			shellScript = "\"${PODS_ROOT}/Target Support Files/Pods-UlalaCodeChallenge/Pods-UlalaCodeChallenge-frameworks.sh\"\n";
			showEnvVarsInLog = 0;
		};
		A768BFBD227FB6274B676ACB /* [CP] Check Pods Manifest.lock */ = {
			isa = PBXShellScriptBuildPhase;
			buildActionMask = 2147483647;
			files = (
			);
			inputFileListPaths = (
			);
			inputPaths = (
				"${PODS_PODFILE_DIR_PATH}/Podfile.lock",
				"${PODS_ROOT}/Manifest.lock",
			);
			name = "[CP] Check Pods Manifest.lock";
			outputFileListPaths = (
			);
			outputPaths = (
				"$(DERIVED_FILE_DIR)/Pods-UlalaCodeChallenge-checkManifestLockResult.txt",
			);
			runOnlyForDeploymentPostprocessing = 0;
			shellPath = /bin/sh;
			shellScript = "diff \"${PODS_PODFILE_DIR_PATH}/Podfile.lock\" \"${PODS_ROOT}/Manifest.lock\" > /dev/null\nif [ $? != 0 ] ; then\n    # print error to STDERR\n    echo \"error: The sandbox is not in sync with the Podfile.lock. Run 'pod install' or update your CocoaPods installation.\" >&2\n    exit 1\nfi\n# This output is used by Xcode 'outputs' to avoid re-running this script phase.\necho \"SUCCESS\" > \"${SCRIPT_OUTPUT_FILE_0}\"\n";
			showEnvVarsInLog = 0;
		};
		EE777140A4157A5DD85C3AF0 /* [CP] Embed Pods Frameworks */ = {
			isa = PBXShellScriptBuildPhase;
			buildActionMask = 2147483647;
			files = (
			);
			inputFileListPaths = (
				"${PODS_ROOT}/Target Support Files/Pods-UlalaCodeChallenge-UlalaCodeChallengeUITests/Pods-UlalaCodeChallenge-UlalaCodeChallengeUITests-frameworks-${CONFIGURATION}-input-files.xcfilelist",
			);
			name = "[CP] Embed Pods Frameworks";
			outputFileListPaths = (
				"${PODS_ROOT}/Target Support Files/Pods-UlalaCodeChallenge-UlalaCodeChallengeUITests/Pods-UlalaCodeChallenge-UlalaCodeChallengeUITests-frameworks-${CONFIGURATION}-output-files.xcfilelist",
			);
			runOnlyForDeploymentPostprocessing = 0;
			shellPath = /bin/sh;
			shellScript = "\"${PODS_ROOT}/Target Support Files/Pods-UlalaCodeChallenge-UlalaCodeChallengeUITests/Pods-UlalaCodeChallenge-UlalaCodeChallengeUITests-frameworks.sh\"\n";
			showEnvVarsInLog = 0;
		};
		F8DD8BD6A6991519C3D961ED /* [CP] Check Pods Manifest.lock */ = {
			isa = PBXShellScriptBuildPhase;
			buildActionMask = 2147483647;
			files = (
			);
			inputFileListPaths = (
			);
			inputPaths = (
				"${PODS_PODFILE_DIR_PATH}/Podfile.lock",
				"${PODS_ROOT}/Manifest.lock",
			);
			name = "[CP] Check Pods Manifest.lock";
			outputFileListPaths = (
			);
			outputPaths = (
				"$(DERIVED_FILE_DIR)/Pods-UlalaCodeChallenge-UlalaCodeChallengeUITests-checkManifestLockResult.txt",
			);
			runOnlyForDeploymentPostprocessing = 0;
			shellPath = /bin/sh;
			shellScript = "diff \"${PODS_PODFILE_DIR_PATH}/Podfile.lock\" \"${PODS_ROOT}/Manifest.lock\" > /dev/null\nif [ $? != 0 ] ; then\n    # print error to STDERR\n    echo \"error: The sandbox is not in sync with the Podfile.lock. Run 'pod install' or update your CocoaPods installation.\" >&2\n    exit 1\nfi\n# This output is used by Xcode 'outputs' to avoid re-running this script phase.\necho \"SUCCESS\" > \"${SCRIPT_OUTPUT_FILE_0}\"\n";
			showEnvVarsInLog = 0;
		};
/* End PBXShellScriptBuildPhase section */

/* Begin PBXSourcesBuildPhase section */
		6352A9C825B4FDD200C59958 /* Sources */ = {
			isa = PBXSourcesBuildPhase;
			buildActionMask = 2147483647;
			files = (
				6352AA1325B5001E00C59958 /* Meals.swift in Sources */,
				6352AA1C25B503AF00C59958 /* Genrics+CellReuse.swift in Sources */,
				6346DC7725B510B700996CA6 /* MealDetailInteractor.swift in Sources */,
				6346DC7B25B5153D00996CA6 /* UIApplication+Ext.swift in Sources */,
				6352AA0C25B4FE2200C59958 /* FeedMealsView.swift in Sources */,
				6352AA1825B5039300C59958 /* FeedMealTableViewCell.swift in Sources */,
				6346DC7825B510B700996CA6 /* MealDetailView.swift in Sources */,
				6346DC7525B510B700996CA6 /* MealDetailRouter.swift in Sources */,
				6346DC7325B510B700996CA6 /* MealDetailPresenter.swift in Sources */,
				6352AA0925B4FE2200C59958 /* FeedMealsRouter.swift in Sources */,
				6352A9D025B4FDD200C59958 /* AppDelegate.swift in Sources */,
				6352AA1E25B5041700C59958 /* String+Ext.swift in Sources */,
				6352AA0A25B4FE2200C59958 /* FeedReceipesProtocols.swift in Sources */,
				6346DC7625B510B700996CA6 /* MealDetailProtocols.swift in Sources */,
				6352AA1125B4FE9E00C59958 /* NetworkManager.swift in Sources */,
				6352AA0B25B4FE2200C59958 /* FeedMealsInteractor.swift in Sources */,
				6352AA0725B4FE2200C59958 /* FeedMealsPresenter.swift in Sources */,
				6352AA2025B50A8100C59958 /* BaseTableViewCell.swift in Sources */,
				6352A9D225B4FDD200C59958 /* SceneDelegate.swift in Sources */,
			);
			runOnlyForDeploymentPostprocessing = 0;
		};
		6352A9DE25B4FDD600C59958 /* Sources */ = {
			isa = PBXSourcesBuildPhase;
			buildActionMask = 2147483647;
			files = (
				6352A9E725B4FDD600C59958 /* UlalaCodeChallengeTests.swift in Sources */,
			);
			runOnlyForDeploymentPostprocessing = 0;
		};
		6352A9E925B4FDD600C59958 /* Sources */ = {
			isa = PBXSourcesBuildPhase;
			buildActionMask = 2147483647;
			files = (
				6352A9F225B4FDD600C59958 /* UlalaCodeChallengeUITests.swift in Sources */,
			);
			runOnlyForDeploymentPostprocessing = 0;
		};
/* End PBXSourcesBuildPhase section */

/* Begin PBXTargetDependency section */
		6352A9E425B4FDD600C59958 /* PBXTargetDependency */ = {
			isa = PBXTargetDependency;
			target = 6352A9CB25B4FDD200C59958 /* UlalaCodeChallenge */;
			targetProxy = 6352A9E325B4FDD600C59958 /* PBXContainerItemProxy */;
		};
		6352A9EF25B4FDD600C59958 /* PBXTargetDependency */ = {
			isa = PBXTargetDependency;
			target = 6352A9CB25B4FDD200C59958 /* UlalaCodeChallenge */;
			targetProxy = 6352A9EE25B4FDD600C59958 /* PBXContainerItemProxy */;
		};
/* End PBXTargetDependency section */

/* Begin PBXVariantGroup section */
		6346DC6825B50F4200996CA6 /* Localizable.strings */ = {
			isa = PBXVariantGroup;
			children = (
				6346DC6725B50F4200996CA6 /* en */,
				6346DC6925B50F4800996CA6 /* es-419 */,
			);
			name = Localizable.strings;
			sourceTree = "<group>";
		};
		6352A9D525B4FDD200C59958 /* Main.storyboard */ = {
			isa = PBXVariantGroup;
			children = (
				6352A9D625B4FDD200C59958 /* Base */,
				6352AA2125B50E6300C59958 /* es-419 */,
			);
			name = Main.storyboard;
			sourceTree = "<group>";
		};
		6352A9DA25B4FDD600C59958 /* LaunchScreen.storyboard */ = {
			isa = PBXVariantGroup;
			children = (
				6352A9DB25B4FDD600C59958 /* Base */,
				6352AA2225B50E6300C59958 /* es-419 */,
			);
			name = LaunchScreen.storyboard;
			sourceTree = "<group>";
		};
/* End PBXVariantGroup section */

/* Begin XCBuildConfiguration section */
		6352A9F425B4FDD600C59958 /* Debug */ = {
			isa = XCBuildConfiguration;
			buildSettings = {
				ALWAYS_SEARCH_USER_PATHS = NO;
				CLANG_ANALYZER_LOCALIZABILITY_NONLOCALIZED = YES;
				CLANG_ANALYZER_NONNULL = YES;
				CLANG_ANALYZER_NUMBER_OBJECT_CONVERSION = YES_AGGRESSIVE;
				CLANG_CXX_LANGUAGE_STANDARD = "gnu++14";
				CLANG_CXX_LIBRARY = "libc++";
				CLANG_ENABLE_MODULES = YES;
				CLANG_ENABLE_OBJC_ARC = YES;
				CLANG_ENABLE_OBJC_WEAK = YES;
				CLANG_WARN_BLOCK_CAPTURE_AUTORELEASING = YES;
				CLANG_WARN_BOOL_CONVERSION = YES;
				CLANG_WARN_COMMA = YES;
				CLANG_WARN_CONSTANT_CONVERSION = YES;
				CLANG_WARN_DEPRECATED_OBJC_IMPLEMENTATIONS = YES;
				CLANG_WARN_DIRECT_OBJC_ISA_USAGE = YES_ERROR;
				CLANG_WARN_DOCUMENTATION_COMMENTS = YES;
				CLANG_WARN_EMPTY_BODY = YES;
				CLANG_WARN_ENUM_CONVERSION = YES;
				CLANG_WARN_INFINITE_RECURSION = YES;
				CLANG_WARN_INT_CONVERSION = YES;
				CLANG_WARN_NON_LITERAL_NULL_CONVERSION = YES;
				CLANG_WARN_OBJC_IMPLICIT_RETAIN_SELF = YES;
				CLANG_WARN_OBJC_LITERAL_CONVERSION = YES;
				CLANG_WARN_OBJC_ROOT_CLASS = YES_ERROR;
				CLANG_WARN_RANGE_LOOP_ANALYSIS = YES;
				CLANG_WARN_STRICT_PROTOTYPES = YES;
				CLANG_WARN_SUSPICIOUS_MOVE = YES;
				CLANG_WARN_UNGUARDED_AVAILABILITY = YES_AGGRESSIVE;
				CLANG_WARN_UNREACHABLE_CODE = YES;
				CLANG_WARN__DUPLICATE_METHOD_MATCH = YES;
				COPY_PHASE_STRIP = NO;
				DEBUG_INFORMATION_FORMAT = dwarf;
				ENABLE_STRICT_OBJC_MSGSEND = YES;
				ENABLE_TESTABILITY = YES;
				GCC_C_LANGUAGE_STANDARD = gnu11;
				GCC_DYNAMIC_NO_PIC = NO;
				GCC_NO_COMMON_BLOCKS = YES;
				GCC_OPTIMIZATION_LEVEL = 0;
				GCC_PREPROCESSOR_DEFINITIONS = (
					"DEBUG=1",
					"$(inherited)",
				);
				GCC_WARN_64_TO_32_BIT_CONVERSION = YES;
				GCC_WARN_ABOUT_RETURN_TYPE = YES_ERROR;
				GCC_WARN_UNDECLARED_SELECTOR = YES;
				GCC_WARN_UNINITIALIZED_AUTOS = YES_AGGRESSIVE;
				GCC_WARN_UNUSED_FUNCTION = YES;
				GCC_WARN_UNUSED_VARIABLE = YES;
				IPHONEOS_DEPLOYMENT_TARGET = 13.7;
				MTL_ENABLE_DEBUG_INFO = INCLUDE_SOURCE;
				MTL_FAST_MATH = YES;
				ONLY_ACTIVE_ARCH = YES;
				SDKROOT = iphoneos;
				SWIFT_ACTIVE_COMPILATION_CONDITIONS = DEBUG;
				SWIFT_OPTIMIZATION_LEVEL = "-Onone";
			};
			name = Debug;
		};
		6352A9F525B4FDD600C59958 /* Release */ = {
			isa = XCBuildConfiguration;
			buildSettings = {
				ALWAYS_SEARCH_USER_PATHS = NO;
				CLANG_ANALYZER_LOCALIZABILITY_NONLOCALIZED = YES;
				CLANG_ANALYZER_NONNULL = YES;
				CLANG_ANALYZER_NUMBER_OBJECT_CONVERSION = YES_AGGRESSIVE;
				CLANG_CXX_LANGUAGE_STANDARD = "gnu++14";
				CLANG_CXX_LIBRARY = "libc++";
				CLANG_ENABLE_MODULES = YES;
				CLANG_ENABLE_OBJC_ARC = YES;
				CLANG_ENABLE_OBJC_WEAK = YES;
				CLANG_WARN_BLOCK_CAPTURE_AUTORELEASING = YES;
				CLANG_WARN_BOOL_CONVERSION = YES;
				CLANG_WARN_COMMA = YES;
				CLANG_WARN_CONSTANT_CONVERSION = YES;
				CLANG_WARN_DEPRECATED_OBJC_IMPLEMENTATIONS = YES;
				CLANG_WARN_DIRECT_OBJC_ISA_USAGE = YES_ERROR;
				CLANG_WARN_DOCUMENTATION_COMMENTS = YES;
				CLANG_WARN_EMPTY_BODY = YES;
				CLANG_WARN_ENUM_CONVERSION = YES;
				CLANG_WARN_INFINITE_RECURSION = YES;
				CLANG_WARN_INT_CONVERSION = YES;
				CLANG_WARN_NON_LITERAL_NULL_CONVERSION = YES;
				CLANG_WARN_OBJC_IMPLICIT_RETAIN_SELF = YES;
				CLANG_WARN_OBJC_LITERAL_CONVERSION = YES;
				CLANG_WARN_OBJC_ROOT_CLASS = YES_ERROR;
				CLANG_WARN_RANGE_LOOP_ANALYSIS = YES;
				CLANG_WARN_STRICT_PROTOTYPES = YES;
				CLANG_WARN_SUSPICIOUS_MOVE = YES;
				CLANG_WARN_UNGUARDED_AVAILABILITY = YES_AGGRESSIVE;
				CLANG_WARN_UNREACHABLE_CODE = YES;
				CLANG_WARN__DUPLICATE_METHOD_MATCH = YES;
				COPY_PHASE_STRIP = NO;
				DEBUG_INFORMATION_FORMAT = "dwarf-with-dsym";
				ENABLE_NS_ASSERTIONS = NO;
				ENABLE_STRICT_OBJC_MSGSEND = YES;
				GCC_C_LANGUAGE_STANDARD = gnu11;
				GCC_NO_COMMON_BLOCKS = YES;
				GCC_WARN_64_TO_32_BIT_CONVERSION = YES;
				GCC_WARN_ABOUT_RETURN_TYPE = YES_ERROR;
				GCC_WARN_UNDECLARED_SELECTOR = YES;
				GCC_WARN_UNINITIALIZED_AUTOS = YES_AGGRESSIVE;
				GCC_WARN_UNUSED_FUNCTION = YES;
				GCC_WARN_UNUSED_VARIABLE = YES;
				IPHONEOS_DEPLOYMENT_TARGET = 13.7;
				MTL_ENABLE_DEBUG_INFO = NO;
				MTL_FAST_MATH = YES;
				SDKROOT = iphoneos;
				SWIFT_COMPILATION_MODE = wholemodule;
				SWIFT_OPTIMIZATION_LEVEL = "-O";
				VALIDATE_PRODUCT = YES;
			};
			name = Release;
		};
		6352A9F725B4FDD600C59958 /* Debug */ = {
			isa = XCBuildConfiguration;
			baseConfigurationReference = DD294E9AC9B8D9963A577313 /* Pods-UlalaCodeChallenge.debug.xcconfig */;
			buildSettings = {
				ASSETCATALOG_COMPILER_APPICON_NAME = AppIcon;
				CODE_SIGN_STYLE = Automatic;
				DEVELOPMENT_TEAM = EQB63E5NRW;
				INFOPLIST_FILE = UlalaCodeChallenge/Info.plist;
				LD_RUNPATH_SEARCH_PATHS = (
					"$(inherited)",
					"@executable_path/Frameworks",
				);
				PRODUCT_BUNDLE_IDENTIFIER = com.mikejasso.UlalaCodeChallenge;
				PRODUCT_NAME = "$(TARGET_NAME)";
				SWIFT_VERSION = 5.0;
				TARGETED_DEVICE_FAMILY = "1,2";
			};
			name = Debug;
		};
		6352A9F825B4FDD600C59958 /* Release */ = {
			isa = XCBuildConfiguration;
			baseConfigurationReference = BC8963A25A3C8F28F231406E /* Pods-UlalaCodeChallenge.release.xcconfig */;
			buildSettings = {
				ASSETCATALOG_COMPILER_APPICON_NAME = AppIcon;
				CODE_SIGN_STYLE = Automatic;
				DEVELOPMENT_TEAM = EQB63E5NRW;
				INFOPLIST_FILE = UlalaCodeChallenge/Info.plist;
				LD_RUNPATH_SEARCH_PATHS = (
					"$(inherited)",
					"@executable_path/Frameworks",
				);
				PRODUCT_BUNDLE_IDENTIFIER = com.mikejasso.UlalaCodeChallenge;
				PRODUCT_NAME = "$(TARGET_NAME)";
				SWIFT_VERSION = 5.0;
				TARGETED_DEVICE_FAMILY = "1,2";
			};
			name = Release;
		};
		6352A9FA25B4FDD600C59958 /* Debug */ = {
			isa = XCBuildConfiguration;
			baseConfigurationReference = A37CB84D75B26122E12765AE /* Pods-UlalaCodeChallengeTests.debug.xcconfig */;
			buildSettings = {
				ALWAYS_EMBED_SWIFT_STANDARD_LIBRARIES = YES;
				BUNDLE_LOADER = "$(TEST_HOST)";
				CODE_SIGN_STYLE = Automatic;
				DEVELOPMENT_TEAM = EQB63E5NRW;
				INFOPLIST_FILE = UlalaCodeChallengeTests/Info.plist;
				IPHONEOS_DEPLOYMENT_TARGET = 13.7;
				LD_RUNPATH_SEARCH_PATHS = (
					"$(inherited)",
					"@executable_path/Frameworks",
					"@loader_path/Frameworks",
				);
				PRODUCT_BUNDLE_IDENTIFIER = com.mikejasso.UlalaCodeChallengeTests;
				PRODUCT_NAME = "$(TARGET_NAME)";
				SWIFT_VERSION = 5.0;
				TARGETED_DEVICE_FAMILY = "1,2";
				TEST_HOST = "$(BUILT_PRODUCTS_DIR)/UlalaCodeChallenge.app/UlalaCodeChallenge";
			};
			name = Debug;
		};
		6352A9FB25B4FDD600C59958 /* Release */ = {
			isa = XCBuildConfiguration;
			baseConfigurationReference = A4535A9779FE34032A892EA1 /* Pods-UlalaCodeChallengeTests.release.xcconfig */;
			buildSettings = {
				ALWAYS_EMBED_SWIFT_STANDARD_LIBRARIES = YES;
				BUNDLE_LOADER = "$(TEST_HOST)";
				CODE_SIGN_STYLE = Automatic;
				DEVELOPMENT_TEAM = EQB63E5NRW;
				INFOPLIST_FILE = UlalaCodeChallengeTests/Info.plist;
				IPHONEOS_DEPLOYMENT_TARGET = 13.7;
				LD_RUNPATH_SEARCH_PATHS = (
					"$(inherited)",
					"@executable_path/Frameworks",
					"@loader_path/Frameworks",
				);
				PRODUCT_BUNDLE_IDENTIFIER = com.mikejasso.UlalaCodeChallengeTests;
				PRODUCT_NAME = "$(TARGET_NAME)";
				SWIFT_VERSION = 5.0;
				TARGETED_DEVICE_FAMILY = "1,2";
				TEST_HOST = "$(BUILT_PRODUCTS_DIR)/UlalaCodeChallenge.app/UlalaCodeChallenge";
			};
			name = Release;
		};
		6352A9FD25B4FDD600C59958 /* Debug */ = {
			isa = XCBuildConfiguration;
			baseConfigurationReference = 10BE8D657675372FA493200D /* Pods-UlalaCodeChallenge-UlalaCodeChallengeUITests.debug.xcconfig */;
			buildSettings = {
				ALWAYS_EMBED_SWIFT_STANDARD_LIBRARIES = YES;
				CODE_SIGN_STYLE = Automatic;
				DEVELOPMENT_TEAM = EQB63E5NRW;
				INFOPLIST_FILE = UlalaCodeChallengeUITests/Info.plist;
				LD_RUNPATH_SEARCH_PATHS = (
					"$(inherited)",
					"@executable_path/Frameworks",
					"@loader_path/Frameworks",
				);
				PRODUCT_BUNDLE_IDENTIFIER = com.mikejasso.UlalaCodeChallengeUITests;
				PRODUCT_NAME = "$(TARGET_NAME)";
				SWIFT_VERSION = 5.0;
				TARGETED_DEVICE_FAMILY = "1,2";
				TEST_TARGET_NAME = UlalaCodeChallenge;
			};
			name = Debug;
		};
		6352A9FE25B4FDD600C59958 /* Release */ = {
			isa = XCBuildConfiguration;
			baseConfigurationReference = 76D5692BF06A7527966A08B0 /* Pods-UlalaCodeChallenge-UlalaCodeChallengeUITests.release.xcconfig */;
			buildSettings = {
				ALWAYS_EMBED_SWIFT_STANDARD_LIBRARIES = YES;
				CODE_SIGN_STYLE = Automatic;
				DEVELOPMENT_TEAM = EQB63E5NRW;
				INFOPLIST_FILE = UlalaCodeChallengeUITests/Info.plist;
				LD_RUNPATH_SEARCH_PATHS = (
					"$(inherited)",
					"@executable_path/Frameworks",
					"@loader_path/Frameworks",
				);
				PRODUCT_BUNDLE_IDENTIFIER = com.mikejasso.UlalaCodeChallengeUITests;
				PRODUCT_NAME = "$(TARGET_NAME)";
				SWIFT_VERSION = 5.0;
				TARGETED_DEVICE_FAMILY = "1,2";
				TEST_TARGET_NAME = UlalaCodeChallenge;
			};
			name = Release;
		};
/* End XCBuildConfiguration section */

/* Begin XCConfigurationList section */
		6352A9C725B4FDD200C59958 /* Build configuration list for PBXProject "UlalaCodeChallenge" */ = {
			isa = XCConfigurationList;
			buildConfigurations = (
				6352A9F425B4FDD600C59958 /* Debug */,
				6352A9F525B4FDD600C59958 /* Release */,
			);
			defaultConfigurationIsVisible = 0;
			defaultConfigurationName = Release;
		};
		6352A9F625B4FDD600C59958 /* Build configuration list for PBXNativeTarget "UlalaCodeChallenge" */ = {
			isa = XCConfigurationList;
			buildConfigurations = (
				6352A9F725B4FDD600C59958 /* Debug */,
				6352A9F825B4FDD600C59958 /* Release */,
			);
			defaultConfigurationIsVisible = 0;
			defaultConfigurationName = Release;
		};
		6352A9F925B4FDD600C59958 /* Build configuration list for PBXNativeTarget "UlalaCodeChallengeTests" */ = {
			isa = XCConfigurationList;
			buildConfigurations = (
				6352A9FA25B4FDD600C59958 /* Debug */,
				6352A9FB25B4FDD600C59958 /* Release */,
			);
			defaultConfigurationIsVisible = 0;
			defaultConfigurationName = Release;
		};
		6352A9FC25B4FDD600C59958 /* Build configuration list for PBXNativeTarget "UlalaCodeChallengeUITests" */ = {
			isa = XCConfigurationList;
			buildConfigurations = (
				6352A9FD25B4FDD600C59958 /* Debug */,
				6352A9FE25B4FDD600C59958 /* Release */,
			);
			defaultConfigurationIsVisible = 0;
			defaultConfigurationName = Release;
		};
/* End XCConfigurationList section */
	};
	rootObject = 6352A9C425B4FDD200C59958 /* Project object */;
}
